# FCSS-devnet pin lock (schema v1).
# Source of truth for submodule commits that local patches must apply against.
# Bump: update submodule gitlinks → refresh patches if needed → rewrite commits here → just pin-verify.

schema: 1

submodules:
  curio:
    path: extern/curio
    repository: https://github.com/filecoin-project/curio.git
    commit: da6d1063c56130952da363ab808bee7d446b38d7
    ref: v1.28.6
    notes: Local patches/curio apply on this tip (env-only; not for upstream).

  porep-market:
    path: extern/porep-market
    repository: https://github.com/fidlabs/porep-market.git
    commit: b1c728e76a0c67c28635af22240feecc89580dec
    ref: main
    notes: PoRep Market V2; no FCSS patches under patches/ for this submodule.

  filecoin-porep-market-tooling:
    path: extern/filecoin-porep-market-tooling
    repository: https://github.com/fidlabs/filecoin-porep-market-tooling.git
    commit: 0788dec1cdbb988c21001a82ba21f94fe835aeca
    ref: master
    notes: patches/tooling must apply cleanly (submit-evidence + make-allocations claims).


  hyperion:
    path: extern/hyperion
    repository: https://github.com/fidlabs/hyperion.git
    commit: f3e81105fd6e2ac2a95dc6ce8a76959806ba4b0d
    ref: main
    notes: patches/hyperion must apply cleanly (Curio chain 31415926 + genesis origin + PORT).
