# FCSS-devnet pin lock (schema v1).
# Source of truth for submodule commits that local patches must apply against.
# Bump: update submodule gitlinks → refresh patches if needed → rewrite commits here → just pin-verify.

schema: 1

submodules:
  curio:
    path: extern/curio
    repository: https://github.com/filecoin-project/curio.git
    commit: 31073fa3b8be05df55e2a2ba42878bdf0b3747ad
    ref: v1.28.2
    notes: Local patches/curio apply on this tip (env-only; not for upstream).

  porep-market:
    path: extern/porep-market
    repository: https://github.com/fidlabs/porep-market.git
    commit: b1c728e76a0c67c28635af22240feecc89580dec
    ref: main
    notes: PoRep Market V2; no FCSS patches under patches/ for this submodule.

  filecoin-porep-market-tooling:
    path: extern/filecoin-porep-market-tooling
    repository: https://github.com/fidlabs/filecoin-porep-market-tooling.git
    commit: aa263743a58cfd895a9adf8ea6566f17e42e60bf
    ref: feature-v2-adjust-contracts
    notes: patches/tooling must apply cleanly.

  filecoin-oracle-service:
    path: extern/filecoin-oracle-service
    repository: https://github.com/fidlabs/filecoin-oracle-service.git
    commit: d30df2374143f2b8dfc952134777136bcc78878c
    ref: v2
    notes: patches/oracle must apply cleanly.

  hyperion:
    path: extern/hyperion
    repository: https://github.com/fidlabs/hyperion.git
    commit: f3e81105fd6e2ac2a95dc6ce8a76959806ba4b0d
    ref: main
    notes: patches/hyperion must apply cleanly (Curio chain 31415926 + genesis origin + PORT).
